// !$*UTF8*$!
{
	archiveVersion = 1;
	classes = {
	};
	objectVersion = 56;
	objects = {

/* Begin PBXBuildFile section */
		5349283B2A362D9C009656BD /* AlertController.swift in Sources */ = {isa = PBXBuildFile; fileRef = 5349283A2A362D9C009656BD /* AlertController.swift */; };
		53A30BBD2A354F0C007ED0FF /* GoogleService-Info.plist in Resources */ = {isa = PBXBuildFile; fileRef = 53A30BBC2A354F0B007ED0FF /* GoogleService-Info.plist */; };
		53A30BC02A354F92007ED0FF /* FirebaseAuth in Frameworks */ = {isa = PBXBuildFile; productRef = 53A30BBF2A354F92007ED0FF /* FirebaseAuth */; };
		53A30BC22A354F92007ED0FF /* FirebaseCrashlytics in Frameworks */ = {isa = PBXBuildFile; productRef = 53A30BC12A354F92007ED0FF /* FirebaseCrashlytics */; };
		53A30BC52A3550EC007ED0FF /* UIViewController+Extension.swift in Sources */ = {isa = PBXBuildFile; fileRef = 53A30BC42A3550EC007ED0FF /* UIViewController+Extension.swift */; };
		53A30BC72A35545E007ED0FF /* String+Extension.swift in Sources */ = {isa = PBXBuildFile; fileRef = 53A30BC62A35545E007ED0FF /* String+Extension.swift */; };
		53BE4B3A2A32810B0054BF10 /* AppDelegate.swift in Sources */ = {isa = PBXBuildFile; fileRef = 53BE4B392A32810B0054BF10 /* AppDelegate.swift */; };
		53BE4B3C2A32810B0054BF10 /* SceneDelegate.swift in Sources */ = {isa = PBXBuildFile; fileRef = 53BE4B3B2A32810B0054BF10 /* SceneDelegate.swift */; };
		53BE4B432A32810C0054BF10 /* Assets.xcassets in Resources */ = {isa = PBXBuildFile; fileRef = 53BE4B422A32810C0054BF10 /* Assets.xcassets */; };
		53BE4B462A32810C0054BF10 /* LaunchScreen.storyboard in Resources */ = {isa = PBXBuildFile; fileRef = 53BE4B442A32810C0054BF10 /* LaunchScreen.storyboard */; };
		53BE4B512A3281CB0054BF10 /* LoginVC.swift in Sources */ = {isa = PBXBuildFile; fileRef = 53BE4B502A3281CB0054BF10 /* LoginVC.swift */; };
		53BE4B532A3281DD0054BF10 /* LoginScreen.swift in Sources */ = {isa = PBXBuildFile; fileRef = 53BE4B522A3281DD0054BF10 /* LoginScreen.swift */; };
		53BE4B552A3283660054BF10 /* HomeScreen.swift in Sources */ = {isa = PBXBuildFile; fileRef = 53BE4B542A3283660054BF10 /* HomeScreen.swift */; };
		53BE4B572A3283720054BF10 /* HomeVC.swift in Sources */ = {isa = PBXBuildFile; fileRef = 53BE4B562A3283720054BF10 /* HomeVC.swift */; };
		53BE4B592A3292F00054BF10 /* RegisterVC.swift in Sources */ = {isa = PBXBuildFile; fileRef = 53BE4B582A3292F00054BF10 /* RegisterVC.swift */; };
		53BE4B5B2A3293050054BF10 /* RegisterScreen.swift in Sources */ = {isa = PBXBuildFile; fileRef = 53BE4B5A2A3293050054BF10 /* RegisterScreen.swift */; };
/* End PBXBuildFile section */

/* Begin PBXFileReference section */
		5349283A2A362D9C009656BD /* AlertController.swift */ = {isa = PBXFileReference; lastKnownFileType = sourcecode.swift; path = AlertController.swift; sourceTree = "<group>"; };
		53A30BBC2A354F0B007ED0FF /* GoogleService-Info.plist */ = {isa = PBXFileReference; fileEncoding = 4; lastKnownFileType = text.plist.xml; path = "GoogleService-Info.plist"; sourceTree = "<group>"; };
		53A30BC42A3550EC007ED0FF /* UIViewController+Extension.swift */ = {isa = PBXFileReference; lastKnownFileType = sourcecode.swift; path = "UIViewController+Extension.swift"; sourceTree = "<group>"; };
		53A30BC62A35545E007ED0FF /* String+Extension.swift */ = {isa = PBXFileReference; lastKnownFileType = sourcecode.swift; path = "String+Extension.swift"; sourceTree = "<group>"; };
		53BE4B362A32810B0054BF10 /* appDNFT.app */ = {isa = PBXFileReference; explicitFileType = wrapper.application; includeInIndex = 0; path = appDNFT.app; sourceTree = BUILT_PRODUCTS_DIR; };
		53BE4B392A32810B0054BF10 /* AppDelegate.swift */ = {isa = PBXFileReference; lastKnownFileType = sourcecode.swift; path = AppDelegate.swift; sourceTree = "<group>"; };
		53BE4B3B2A32810B0054BF10 /* SceneDelegate.swift */ = {isa = PBXFileReference; lastKnownFileType = sourcecode.swift; path = SceneDelegate.swift; sourceTree = "<group>"; };
		53BE4B422A32810C0054BF10 /* Assets.xcassets */ = {isa = PBXFileReference; lastKnownFileType = folder.assetcatalog; path = Assets.xcassets; sourceTree = "<group>"; };
		53BE4B452A32810C0054BF10 /* Base */ = {isa = PBXFileReference; lastKnownFileType = file.storyboard; name = Base; path = Base.lproj/LaunchScreen.storyboard; sourceTree = "<group>"; };
		53BE4B472A32810C0054BF10 /* Info.plist */ = {isa = PBXFileReference; lastKnownFileType = text.plist.xml; path = Info.plist; sourceTree = "<group>"; };
		53BE4B502A3281CB0054BF10 /* LoginVC.swift */ = {isa = PBXFileReference; lastKnownFileType = sourcecode.swift; path = LoginVC.swift; sourceTree = "<group>"; };
		53BE4B522A3281DD0054BF10 /* LoginScreen.swift */ = {isa = PBXFileReference; lastKnownFileType = sourcecode.swift; path = LoginScreen.swift; sourceTree = "<group>"; };
		53BE4B542A3283660054BF10 /* HomeScreen.swift */ = {isa = PBXFileReference; lastKnownFileType = sourcecode.swift; path = HomeScreen.swift; sourceTree = "<group>"; };
		53BE4B562A3283720054BF10 /* HomeVC.swift */ = {isa = PBXFileReference; lastKnownFileType = sourcecode.swift; path = HomeVC.swift; sourceTree = "<group>"; };
		53BE4B582A3292F00054BF10 /* RegisterVC.swift */ = {isa = PBXFileReference; lastKnownFileType = sourcecode.swift; path = RegisterVC.swift; sourceTree = "<group>"; };
		53BE4B5A2A3293050054BF10 /* RegisterScreen.swift */ = {isa = PBXFileReference; lastKnownFileType = sourcecode.swift; path = RegisterScreen.swift; sourceTree = "<group>"; };
/* End PBXFileReference section */

/* Begin PBXFrameworksBuildPhase section */
		53BE4B332A32810B0054BF10 /* Frameworks */ = {
			isa = PBXFrameworksBuildPhase;
			buildActionMask = 2147483647;
			files = (
				53A30BC02A354F92007ED0FF /* FirebaseAuth in Frameworks */,
				53A30BC22A354F92007ED0FF /* FirebaseCrashlytics in Frameworks */,
			);
			runOnlyForDeploymentPostprocessing = 0;
		};
/* End PBXFrameworksBuildPhase section */

/* Begin PBXGroup section */
		534928392A362D81009656BD /* Alert */ = {
			isa = PBXGroup;
			children = (
				5349283A2A362D9C009656BD /* AlertController.swift */,
			);
			path = Alert;
			sourceTree = "<group>";
		};
		53A30BC32A3550D2007ED0FF /* Extension */ = {
			isa = PBXGroup;
			children = (
				53A30BC42A3550EC007ED0FF /* UIViewController+Extension.swift */,
				53A30BC62A35545E007ED0FF /* String+Extension.swift */,
			);
			path = Extension;
			sourceTree = "<group>";
		};
		53BE4B2D2A32810A0054BF10 = {
			isa = PBXGroup;
			children = (
				53BE4B382A32810B0054BF10 /* appDNFT */,
				53BE4B372A32810B0054BF10 /* Products */,
			);
			sourceTree = "<group>";
		};
		53BE4B372A32810B0054BF10 /* Products */ = {
			isa = PBXGroup;
			children = (
				53BE4B362A32810B0054BF10 /* appDNFT.app */,
			);
			name = Products;
			sourceTree = "<group>";
		};
		53BE4B382A32810B0054BF10 /* appDNFT */ = {
			isa = PBXGroup;
			children = (
				534928392A362D81009656BD /* Alert */,
				53A30BC32A3550D2007ED0FF /* Extension */,
				53BE4B4F2A3281B40054BF10 /* Register */,
				53BE4B4E2A3281AF0054BF10 /* Home */,
				53BE4B4D2A3281A80054BF10 /* Login */,
				53BE4B392A32810B0054BF10 /* AppDelegate.swift */,
				53BE4B3B2A32810B0054BF10 /* SceneDelegate.swift */,
				53BE4B422A32810C0054BF10 /* Assets.xcassets */,
				53A30BBC2A354F0B007ED0FF /* GoogleService-Info.plist */,
				53BE4B442A32810C0054BF10 /* LaunchScreen.storyboard */,
				53BE4B472A32810C0054BF10 /* Info.plist */,
			);
			path = appDNFT;
			sourceTree = "<group>";
		};
		53BE4B4D2A3281A80054BF10 /* Login */ = {
			isa = PBXGroup;
			children = (
				53BE4B502A3281CB0054BF10 /* LoginVC.swift */,
				53BE4B522A3281DD0054BF10 /* LoginScreen.swift */,
			);
			path = Login;
			sourceTree = "<group>";
		};
		53BE4B4E2A3281AF0054BF10 /* Home */ = {
			isa = PBXGroup;
			children = (
				53BE4B542A3283660054BF10 /* HomeScreen.swift */,
				53BE4B562A3283720054BF10 /* HomeVC.swift */,
			);
			path = Home;
			sourceTree = "<group>";
		};
		53BE4B4F2A3281B40054BF10 /* Register */ = {
			isa = PBXGroup;
			children = (
				53BE4B582A3292F00054BF10 /* RegisterVC.swift */,
				53BE4B5A2A3293050054BF10 /* RegisterScreen.swift */,
			);
			path = Register;
			sourceTree = "<group>";
		};
/* End PBXGroup section */

/* Begin PBXNativeTarget section */
		53BE4B352A32810B0054BF10 /* appDNFT */ = {
			isa = PBXNativeTarget;
			buildConfigurationList = 53BE4B4A2A32810C0054BF10 /* Build configuration list for PBXNativeTarget "appDNFT" */;
			buildPhases = (
				53BE4B322A32810B0054BF10 /* Sources */,
				53BE4B332A32810B0054BF10 /* Frameworks */,
				53BE4B342A32810B0054BF10 /* Resources */,
			);
			buildRules = (
			);
			dependencies = (
			);
			name = appDNFT;
			packageProductDependencies = (
				53A30BBF2A354F92007ED0FF /* FirebaseAuth */,
				53A30BC12A354F92007ED0FF /* FirebaseCrashlytics */,
			);
			productName = appDNFT;
			productReference = 53BE4B362A32810B0054BF10 /* appDNFT.app */;
			productType = "com.apple.product-type.application";
		};
/* End PBXNativeTarget section */

/* Begin PBXProject section */
		53BE4B2E2A32810A0054BF10 /* Project object */ = {
			isa = PBXProject;
			attributes = {
				BuildIndependentTargetsInParallel = 1;
				LastSwiftUpdateCheck = 1430;
				LastUpgradeCheck = 1430;
				TargetAttributes = {
					53BE4B352A32810B0054BF10 = {
						CreatedOnToolsVersion = 14.3;
					};
				};
			};
			buildConfigurationList = 53BE4B312A32810A0054BF10 /* Build configuration list for PBXProject "appDNFT" */;
			compatibilityVersion = "Xcode 14.0";
			developmentRegion = en;
			hasScannedForEncodings = 0;
			knownRegions = (
				en,
				Base,
			);
			mainGroup = 53BE4B2D2A32810A0054BF10;
			packageReferences = (
				53A30BBE2A354F92007ED0FF /* XCRemoteSwiftPackageReference "firebase-ios-sdk" */,
			);
			productRefGroup = 53BE4B372A32810B0054BF10 /* Products */;
			projectDirPath = "";
			projectRoot = "";
			targets = (
				53BE4B352A32810B0054BF10 /* appDNFT */,
			);
		};
/* End PBXProject section */

/* Begin PBXResourcesBuildPhase section */
		53BE4B342A32810B0054BF10 /* Resources */ = {
			isa = PBXResourcesBuildPhase;
			buildActionMask = 2147483647;
			files = (
				53BE4B462A32810C0054BF10 /* LaunchScreen.storyboard in Resources */,
				53BE4B432A32810C0054BF10 /* Assets.xcassets in Resources */,
				53A30BBD2A354F0C007ED0FF /* GoogleService-Info.plist in Resources */,
			);
			runOnlyForDeploymentPostprocessing = 0;
		};
/* End PBXResourcesBuildPhase section */

/* Begin PBXSourcesBuildPhase section */
		53BE4B322A32810B0054BF10 /* Sources */ = {
			isa = PBXSourcesBuildPhase;
			buildActionMask = 2147483647;
			files = (
				53A30BC52A3550EC007ED0FF /* UIViewController+Extension.swift in Sources */,
				53BE4B3A2A32810B0054BF10 /* AppDelegate.swift in Sources */,
				53BE4B552A3283660054BF10 /* HomeScreen.swift in Sources */,
				53BE4B512A3281CB0054BF10 /* LoginVC.swift in Sources */,
				53BE4B572A3283720054BF10 /* HomeVC.swift in Sources */,
				53BE4B5B2A3293050054BF10 /* RegisterScreen.swift in Sources */,
				53BE4B592A3292F00054BF10 /* RegisterVC.swift in Sources */,
				53BE4B3C2A32810B0054BF10 /* SceneDelegate.swift in Sources */,
				5349283B2A362D9C009656BD /* AlertController.swift in Sources */,
				53A30BC72A35545E007ED0FF /* String+Extension.swift in Sources */,
				53BE4B532A3281DD0054BF10 /* LoginScreen.swift in Sources */,
			);
			runOnlyForDeploymentPostprocessing = 0;
		};
/* End PBXSourcesBuildPhase section */

/* Begin PBXVariantGroup section */
		53BE4B442A32810C0054BF10 /* LaunchScreen.storyboard */ = {
			isa = PBXVariantGroup;
			children = (
				53BE4B452A32810C0054BF10 /* Base */,
			);
			name = LaunchScreen.storyboard;
			sourceTree = "<group>";
		};
/* End PBXVariantGroup section */

/* Begin XCBuildConfiguration section */
		53BE4B482A32810C0054BF10 /* Debug */ = {
			isa = XCBuildConfiguration;
			buildSettings = {
				ALWAYS_SEARCH_USER_PATHS = NO;
				CLANG_ANALYZER_NONNULL = YES;
				CLANG_ANALYZER_NUMBER_OBJECT_CONVERSION = YES_AGGRESSIVE;
				CLANG_CXX_LANGUAGE_STANDARD = "gnu++20";
				CLANG_ENABLE_MODULES = YES;
				CLANG_ENABLE_OBJC_ARC = YES;
				CLANG_ENABLE_OBJC_WEAK = YES;
				CLANG_WARN_BLOCK_CAPTURE_AUTORELEASING = YES;
				CLANG_WARN_BOOL_CONVERSION = YES;
				CLANG_WARN_COMMA = YES;
				CLANG_WARN_CONSTANT_CONVERSION = YES;
				CLANG_WARN_DEPRECATED_OBJC_IMPLEMENTATIONS = YES;
				CLANG_WARN_DIRECT_OBJC_ISA_USAGE = YES_ERROR;
				CLANG_WARN_DOCUMENTATION_COMMENTS = YES;
				CLANG_WARN_EMPTY_BODY = YES;
				CLANG_WARN_ENUM_CONVERSION = YES;
				CLANG_WARN_INFINITE_RECURSION = YES;
				CLANG_WARN_INT_CONVERSION = YES;
				CLANG_WARN_NON_LITERAL_NULL_CONVERSION = YES;
				CLANG_WARN_OBJC_IMPLICIT_RETAIN_SELF = YES;
				CLANG_WARN_OBJC_LITERAL_CONVERSION = YES;
				CLANG_WARN_OBJC_ROOT_CLASS = YES_ERROR;
				CLANG_WARN_QUOTED_INCLUDE_IN_FRAMEWORK_HEADER = YES;
				CLANG_WARN_RANGE_LOOP_ANALYSIS = YES;
				CLANG_WARN_STRICT_PROTOTYPES = YES;
				CLANG_WARN_SUSPICIOUS_MOVE = YES;
				CLANG_WARN_UNGUARDED_AVAILABILITY = YES_AGGRESSIVE;
				CLANG_WARN_UNREACHABLE_CODE = YES;
				CLANG_WARN__DUPLICATE_METHOD_MATCH = YES;
				COPY_PHASE_STRIP = NO;
				DEBUG_INFORMATION_FORMAT = dwarf;
				ENABLE_STRICT_OBJC_MSGSEND = YES;
				ENABLE_TESTABILITY = YES;
				GCC_C_LANGUAGE_STANDARD = gnu11;
				GCC_DYNAMIC_NO_PIC = NO;
				GCC_NO_COMMON_BLOCKS = YES;
				GCC_OPTIMIZATION_LEVEL = 0;
				GCC_PREPROCESSOR_DEFINITIONS = (
					"DEBUG=1",
					"$(inherited)",
				);
				GCC_WARN_64_TO_32_BIT_CONVERSION = YES;
				GCC_WARN_ABOUT_RETURN_TYPE = YES_ERROR;
				GCC_WARN_UNDECLARED_SELECTOR = YES;
				GCC_WARN_UNINITIALIZED_AUTOS = YES_AGGRESSIVE;
				GCC_WARN_UNUSED_FUNCTION = YES;
				GCC_WARN_UNUSED_VARIABLE = YES;
				IPHONEOS_DEPLOYMENT_TARGET = 16.4;
				MTL_ENABLE_DEBUG_INFO = INCLUDE_SOURCE;
				MTL_FAST_MATH = YES;
				ONLY_ACTIVE_ARCH = YES;
				SDKROOT = iphoneos;
				SWIFT_ACTIVE_COMPILATION_CONDITIONS = DEBUG;
				SWIFT_OPTIMIZATION_LEVEL = "-Onone";
			};
			name = Debug;
		};
		53BE4B492A32810C0054BF10 /* Release */ = {
			isa = XCBuildConfiguration;
			buildSettings = {
				ALWAYS_SEARCH_USER_PATHS = NO;
				CLANG_ANALYZER_NONNULL = YES;
				CLANG_ANALYZER_NUMBER_OBJECT_CONVERSION = YES_AGGRESSIVE;
				CLANG_CXX_LANGUAGE_STANDARD = "gnu++20";
				CLANG_ENABLE_MODULES = YES;
				CLANG_ENABLE_OBJC_ARC = YES;
				CLANG_ENABLE_OBJC_WEAK = YES;
				CLANG_WARN_BLOCK_CAPTURE_AUTORELEASING = YES;
				CLANG_WARN_BOOL_CONVERSION = YES;
				CLANG_WARN_COMMA = YES;
				CLANG_WARN_CONSTANT_CONVERSION = YES;
				CLANG_WARN_DEPRECATED_OBJC_IMPLEMENTATIONS = YES;
				CLANG_WARN_DIRECT_OBJC_ISA_USAGE = YES_ERROR;
				CLANG_WARN_DOCUMENTATION_COMMENTS = YES;
				CLANG_WARN_EMPTY_BODY = YES;
				CLANG_WARN_ENUM_CONVERSION = YES;
				CLANG_WARN_INFINITE_RECURSION = YES;
				CLANG_WARN_INT_CONVERSION = YES;
				CLANG_WARN_NON_LITERAL_NULL_CONVERSION = YES;
				CLANG_WARN_OBJC_IMPLICIT_RETAIN_SELF = YES;
				CLANG_WARN_OBJC_LITERAL_CONVERSION = YES;
				CLANG_WARN_OBJC_ROOT_CLASS = YES_ERROR;
				CLANG_WARN_QUOTED_INCLUDE_IN_FRAMEWORK_HEADER = YES;
				CLANG_WARN_RANGE_LOOP_ANALYSIS = YES;
				CLANG_WARN_STRICT_PROTOTYPES = YES;
				CLANG_WARN_SUSPICIOUS_MOVE = YES;
				CLANG_WARN_UNGUARDED_AVAILABILITY = YES_AGGRESSIVE;
				CLANG_WARN_UNREACHABLE_CODE = YES;
				CLANG_WARN__DUPLICATE_METHOD_MATCH = YES;
				COPY_PHASE_STRIP = NO;
				DEBUG_INFORMATION_FORMAT = "dwarf-with-dsym";
				ENABLE_NS_ASSERTIONS = NO;
				ENABLE_STRICT_OBJC_MSGSEND = YES;
				GCC_C_LANGUAGE_STANDARD = gnu11;
				GCC_NO_COMMON_BLOCKS = YES;
				GCC_WARN_64_TO_32_BIT_CONVERSION = YES;
				GCC_WARN_ABOUT_RETURN_TYPE = YES_ERROR;
				GCC_WARN_UNDECLARED_SELECTOR = YES;
				GCC_WARN_UNINITIALIZED_AUTOS = YES_AGGRESSIVE;
				GCC_WARN_UNUSED_FUNCTION = YES;
				GCC_WARN_UNUSED_VARIABLE = YES;
				IPHONEOS_DEPLOYMENT_TARGET = 16.4;
				MTL_ENABLE_DEBUG_INFO = NO;
				MTL_FAST_MATH = YES;
				SDKROOT = iphoneos;
				SWIFT_COMPILATION_MODE = wholemodule;
				SWIFT_OPTIMIZATION_LEVEL = "-O";
				VALIDATE_PRODUCT = YES;
			};
			name = Release;
		};
		53BE4B4B2A32810C0054BF10 /* Debug */ = {
			isa = XCBuildConfiguration;
			buildSettings = {
				ASSETCATALOG_COMPILER_APPICON_NAME = AppIcon;
				ASSETCATALOG_COMPILER_GLOBAL_ACCENT_COLOR_NAME = AccentColor;
				CODE_SIGN_STYLE = Automatic;
				CURRENT_PROJECT_VERSION = 1;
				GENERATE_INFOPLIST_FILE = YES;
				INFOPLIST_FILE = appDNFT/Info.plist;
				INFOPLIST_KEY_UIApplicationSupportsIndirectInputEvents = YES;
				INFOPLIST_KEY_UILaunchStoryboardName = LaunchScreen;
				INFOPLIST_KEY_UIMainStoryboardFile = "";
				INFOPLIST_KEY_UISupportedInterfaceOrientations_iPad = "UIInterfaceOrientationPortrait UIInterfaceOrientationPortraitUpsideDown UIInterfaceOrientationLandscapeLeft UIInterfaceOrientationLandscapeRight";
				INFOPLIST_KEY_UISupportedInterfaceOrientations_iPhone = "UIInterfaceOrientationPortrait UIInterfaceOrientationLandscapeLeft UIInterfaceOrientationLandscapeRight";
				LD_RUNPATH_SEARCH_PATHS = (
					"$(inherited)",
					"@executable_path/Frameworks",
				);
				MARKETING_VERSION = 1.0;
				PRODUCT_BUNDLE_IDENTIFIER = ios.appDNFT;
				PRODUCT_NAME = "$(TARGET_NAME)";
				SWIFT_EMIT_LOC_STRINGS = YES;
				SWIFT_VERSION = 5.0;
				TARGETED_DEVICE_FAMILY = "1,2";
			};
			name = Debug;
		};
		53BE4B4C2A32810C0054BF10 /* Release */ = {
			isa = XCBuildConfiguration;
			buildSettings = {
				ASSETCATALOG_COMPILER_APPICON_NAME = AppIcon;
				ASSETCATALOG_COMPILER_GLOBAL_ACCENT_COLOR_NAME = AccentColor;
				CODE_SIGN_STYLE = Automatic;
				CURRENT_PROJECT_VERSION = 1;
				GENERATE_INFOPLIST_FILE = YES;
				INFOPLIST_FILE = appDNFT/Info.plist;
				INFOPLIST_KEY_UIApplicationSupportsIndirectInputEvents = YES;
				INFOPLIST_KEY_UILaunchStoryboardName = LaunchScreen;
				INFOPLIST_KEY_UIMainStoryboardFile = "";
				INFOPLIST_KEY_UISupportedInterfaceOrientations_iPad = "UIInterfaceOrientationPortrait UIInterfaceOrientationPortraitUpsideDown UIInterfaceOrientationLandscapeLeft UIInterfaceOrientationLandscapeRight";
				INFOPLIST_KEY_UISupportedInterfaceOrientations_iPhone = "UIInterfaceOrientationPortrait UIInterfaceOrientationLandscapeLeft UIInterfaceOrientationLandscapeRight";
				LD_RUNPATH_SEARCH_PATHS = (
					"$(inherited)",
					"@executable_path/Frameworks",
				);
				MARKETING_VERSION = 1.0;
				PRODUCT_BUNDLE_IDENTIFIER = ios.appDNFT;
				PRODUCT_NAME = "$(TARGET_NAME)";
				SWIFT_EMIT_LOC_STRINGS = YES;
				SWIFT_VERSION = 5.0;
				TARGETED_DEVICE_FAMILY = "1,2";
			};
			name = Release;
		};
/* End XCBuildConfiguration section */

/* Begin XCConfigurationList section */
		53BE4B312A32810A0054BF10 /* Build configuration list for PBXProject "appDNFT" */ = {
			isa = XCConfigurationList;
			buildConfigurations = (
				53BE4B482A32810C0054BF10 /* Debug */,
				53BE4B492A32810C0054BF10 /* Release */,
			);
			defaultConfigurationIsVisible = 0;
			defaultConfigurationName = Release;
		};
		53BE4B4A2A32810C0054BF10 /* Build configuration list for PBXNativeTarget "appDNFT" */ = {
			isa = XCConfigurationList;
			buildConfigurations = (
				53BE4B4B2A32810C0054BF10 /* Debug */,
				53BE4B4C2A32810C0054BF10 /* Release */,
			);
			defaultConfigurationIsVisible = 0;
			defaultConfigurationName = Release;
		};
/* End XCConfigurationList section */

/* Begin XCRemoteSwiftPackageReference section */
		53A30BBE2A354F92007ED0FF /* XCRemoteSwiftPackageReference "firebase-ios-sdk" */ = {
			isa = XCRemoteSwiftPackageReference;
			repositoryURL = "https://github.com/firebase/firebase-ios-sdk";
			requirement = {
				kind = upToNextMajorVersion;
				minimumVersion = 10.0.0;
			};
		};
/* End XCRemoteSwiftPackageReference section */

/* Begin XCSwiftPackageProductDependency section */
		53A30BBF2A354F92007ED0FF /* FirebaseAuth */ = {
			isa = XCSwiftPackageProductDependency;
			package = 53A30BBE2A354F92007ED0FF /* XCRemoteSwiftPackageReference "firebase-ios-sdk" */;
			productName = FirebaseAuth;
		};
		53A30BC12A354F92007ED0FF /* FirebaseCrashlytics */ = {
			isa = XCSwiftPackageProductDependency;
			package = 53A30BBE2A354F92007ED0FF /* XCRemoteSwiftPackageReference "firebase-ios-sdk" */;
			productName = FirebaseCrashlytics;
		};
/* End XCSwiftPackageProductDependency section */
	};
	rootObject = 53BE4B2E2A32810A0054BF10 /* Project object */;
}
